
Microsoft Visual Studio Solution File, Format Version 12.00
# Visual Studio Version 16
VisualStudioVersion = 16.0.30517.126
MinimumVisualStudioVersion = 10.0.40219.1
Project("{FAE04EC0-301F-11D3-BF4B-00C04F79EFBC}") = "Newmethod", "Newmethod\Newmethod.csproj", "{377D0B80-4FB1-47F3-BAD2-080ED6007595}"
EndProject
Global
	GlobalSection(SolutionConfigurationPlatforms) = preSolution
		Debug|Any CPU = Debug|Any CPU
		Release|Any CPU = Release|Any CPU
	EndGlobalSection
	GlobalSection(ProjectConfigurationPlatforms) = postSolution
		{377D0B80-4FB1-47F3-BAD2-080ED6007595}.Debug|Any CPU.ActiveCfg = Debug|Any CPU
		{377D0B80-4FB1-47F3-BAD2-080ED6007595}.Debug|Any CPU.Build.0 = Debug|Any CPU
		{377D0B80-4FB1-47F3-BAD2-080ED6007595}.Release|Any CPU.ActiveCfg = Release|Any CPU
		{377D0B80-4FB1-47F3-BAD2-080ED6007595}.Release|Any CPU.Build.0 = Release|Any CPU
	EndGlobalSection
	GlobalSection(SolutionProperties) = preSolution
		HideSolutionNode = FALSE
	EndGlobalSection
	GlobalSection(ExtensibilityGlobals) = postSolution
		SolutionGuid = {364FEA88-BCE1-4CFA-9AFB-0D746A167747}
	EndGlobalSection
EndGlobal
